
Microsoft Visual Studio Solution File, Format Version 12.00
# Visual Studio Version 17
VisualStudioVersion = 17.5.33530.505
MinimumVisualStudioVersion = 10.0.40219.1
Project("{9A19103F-16F7-4668-BE54-9A1E7A4F7556}") = "Belt Conveyors Calculator by Konovalov", "Belt Conveyors Calculator by Konovalov\Belt Conveyors Calculator by Konovalov.csproj", "{243A1EEF-21DA-452E-89D1-BFBED4E30BDE}"
EndProject
Project("{2150E333-8FDC-42A3-9474-1A3956D46DE8}") = "Model", "Model", "{54A90BE8-7654-4CC8-A788-11381674A1C2}"
EndProject
Project("{2150E333-8FDC-42A3-9474-1A3956D46DE8}") = "View", "View", "{38BED132-B89A-424E-A18E-D2F78C6B8055}"
EndProject
Global
	GlobalSection(SolutionConfigurationPlatforms) = preSolution
		Debug|Any CPU = Debug|Any CPU
		Release|Any CPU = Release|Any CPU
	EndGlobalSection
	GlobalSection(ProjectConfigurationPlatforms) = postSolution
		{243A1EEF-21DA-452E-89D1-BFBED4E30BDE}.Debug|Any CPU.ActiveCfg = Debug|Any CPU
		{243A1EEF-21DA-452E-89D1-BFBED4E30BDE}.Debug|Any CPU.Build.0 = Debug|Any CPU
		{243A1EEF-21DA-452E-89D1-BFBED4E30BDE}.Release|Any CPU.ActiveCfg = Release|Any CPU
		{243A1EEF-21DA-452E-89D1-BFBED4E30BDE}.Release|Any CPU.Build.0 = Release|Any CPU
	EndGlobalSection
	GlobalSection(SolutionProperties) = preSolution
		HideSolutionNode = FALSE
	EndGlobalSection
	GlobalSection(ExtensibilityGlobals) = postSolution
		SolutionGuid = {717D5A4A-36E0-4451-AD4C-997BD1C0D032}
	EndGlobalSection
EndGlobal
